
Microsoft Visual Studio Solution File, Format Version 12.00
# Visual Studio Version 17
VisualStudioVersion = 17.4.33122.133
MinimumVisualStudioVersion = 10.0.40219.1
Project("{FAE04EC0-301F-11D3-BF4B-00C04F79EFBC}") = "Zadacha__№15", "Zadacha__№15\Zadacha__№15.csproj", "{FA03BCE8-5A91-4E51-918A-DBCF65572D9A}"
EndProject
Global
	GlobalSection(SolutionConfigurationPlatforms) = preSolution
		Debug|Any CPU = Debug|Any CPU
		Release|Any CPU = Release|Any CPU
	EndGlobalSection
	GlobalSection(ProjectConfigurationPlatforms) = postSolution
		{FA03BCE8-5A91-4E51-918A-DBCF65572D9A}.Debug|Any CPU.ActiveCfg = Debug|Any CPU
		{FA03BCE8-5A91-4E51-918A-DBCF65572D9A}.Debug|Any CPU.Build.0 = Debug|Any CPU
		{FA03BCE8-5A91-4E51-918A-DBCF65572D9A}.Release|Any CPU.ActiveCfg = Release|Any CPU
		{FA03BCE8-5A91-4E51-918A-DBCF65572D9A}.Release|Any CPU.Build.0 = Release|Any CPU
	EndGlobalSection
	GlobalSection(SolutionProperties) = preSolution
		HideSolutionNode = FALSE
	EndGlobalSection
	GlobalSection(ExtensibilityGlobals) = postSolution
		SolutionGuid = {3F92CE77-DC14-48E7-A31E-C3AE85091F90}
	EndGlobalSection
EndGlobal
