
Microsoft Visual Studio Solution File, Format Version 12.00
# Visual Studio Version 17
VisualStudioVersion = 17.4.33122.133
MinimumVisualStudioVersion = 10.0.40219.1
Project("{FAE04EC0-301F-11D3-BF4B-00C04F79EFBC}") = "Zadacha__№13", "Zadacha__№13\Zadacha__№13.csproj", "{8D63C116-6C15-4A1E-8717-285482730DDE}"
EndProject
Global
	GlobalSection(SolutionConfigurationPlatforms) = preSolution
		Debug|Any CPU = Debug|Any CPU
		Release|Any CPU = Release|Any CPU
	EndGlobalSection
	GlobalSection(ProjectConfigurationPlatforms) = postSolution
		{8D63C116-6C15-4A1E-8717-285482730DDE}.Debug|Any CPU.ActiveCfg = Debug|Any CPU
		{8D63C116-6C15-4A1E-8717-285482730DDE}.Debug|Any CPU.Build.0 = Debug|Any CPU
		{8D63C116-6C15-4A1E-8717-285482730DDE}.Release|Any CPU.ActiveCfg = Release|Any CPU
		{8D63C116-6C15-4A1E-8717-285482730DDE}.Release|Any CPU.Build.0 = Release|Any CPU
	EndGlobalSection
	GlobalSection(SolutionProperties) = preSolution
		HideSolutionNode = FALSE
	EndGlobalSection
	GlobalSection(ExtensibilityGlobals) = postSolution
		SolutionGuid = {2F1A3ECE-4CC8-4DE0-9DA4-A0F0F4C17783}
	EndGlobalSection
EndGlobal
